
Microsoft Visual Studio Solution File, Format Version 12.00
# Visual Studio Version 16
VisualStudioVersion = 16.0.30413.136
MinimumVisualStudioVersion = 10.0.40219.1
Project("{FAE04EC0-301F-11D3-BF4B-00C04F79EFBC}") = "API-basic-app", "API-basic-app\API-basic-app.csproj", "{893B7E93-7B4A-4590-B5F0-912440844E63}"
EndProject
Global
	GlobalSection(SolutionConfigurationPlatforms) = preSolution
		Debug|Any CPU = Debug|Any CPU
		Release|Any CPU = Release|Any CPU
	EndGlobalSection
	GlobalSection(ProjectConfigurationPlatforms) = postSolution
		{893B7E93-7B4A-4590-B5F0-912440844E63}.Debug|Any CPU.ActiveCfg = Debug|Any CPU
		{893B7E93-7B4A-4590-B5F0-912440844E63}.Debug|Any CPU.Build.0 = Debug|Any CPU
		{893B7E93-7B4A-4590-B5F0-912440844E63}.Release|Any CPU.ActiveCfg = Release|Any CPU
		{893B7E93-7B4A-4590-B5F0-912440844E63}.Release|Any CPU.Build.0 = Release|Any CPU
	EndGlobalSection
	GlobalSection(SolutionProperties) = preSolution
		HideSolutionNode = FALSE
	EndGlobalSection
	GlobalSection(ExtensibilityGlobals) = postSolution
		SolutionGuid = {0870DCA0-0479-40BE-AA08-1F0FCA936124}
	EndGlobalSection
EndGlobal
